// !$*UTF8*$!
{
	archiveVersion = 1;
	classes = {
	};
	objectVersion = 51;
	objects = {

/* Begin PBXBuildFile section */
		064552661B8F1E05205FB532 /* Pods_SWENSON_HE_TASKTests.framework in Frameworks */ = {isa = PBXBuildFile; fileRef = BF82E5A43373F241C2FF291A /* Pods_SWENSON_HE_TASKTests.framework */; };
		9430CCE9259F18F0008D08D5 /* AppDelegate.swift in Sources */ = {isa = PBXBuildFile; fileRef = 9430CCE8259F18F0008D08D5 /* AppDelegate.swift */; };
		9430CCEB259F18F0008D08D5 /* SceneDelegate.swift in Sources */ = {isa = PBXBuildFile; fileRef = 9430CCEA259F18F0008D08D5 /* SceneDelegate.swift */; };
		9430CCF3259F18F0008D08D5 /* SWENSON_HE_TASK.xcdatamodeld in Sources */ = {isa = PBXBuildFile; fileRef = 9430CCF1259F18F0008D08D5 /* SWENSON_HE_TASK.xcdatamodeld */; };
		9430CCF5259F18F2008D08D5 /* Assets.xcassets in Resources */ = {isa = PBXBuildFile; fileRef = 9430CCF4259F18F2008D08D5 /* Assets.xcassets */; };
		9430CCF8259F18F2008D08D5 /* LaunchScreen.storyboard in Resources */ = {isa = PBXBuildFile; fileRef = 9430CCF6259F18F2008D08D5 /* LaunchScreen.storyboard */; };
		9430CD03259F18F2008D08D5 /* SWENSON_HE_TASKTests.swift in Sources */ = {isa = PBXBuildFile; fileRef = 9430CD02259F18F2008D08D5 /* SWENSON_HE_TASKTests.swift */; };
		9430CD17259F2479008D08D5 /* CurrencySelection.storyboard in Resources */ = {isa = PBXBuildFile; fileRef = 9430CD16259F2479008D08D5 /* CurrencySelection.storyboard */; };
		9430CD1B259F2532008D08D5 /* CurrencySelectionViewController.swift in Sources */ = {isa = PBXBuildFile; fileRef = 9430CD1A259F2532008D08D5 /* CurrencySelectionViewController.swift */; };
		9430CD1E259F2552008D08D5 /* StoryboardName.swift in Sources */ = {isa = PBXBuildFile; fileRef = 9430CD1D259F2552008D08D5 /* StoryboardName.swift */; };
		9430CD20259F2580008D08D5 /* ViewControllerIdentifier.swift in Sources */ = {isa = PBXBuildFile; fileRef = 9430CD1F259F2580008D08D5 /* ViewControllerIdentifier.swift */; };
		9430CD25259F27DF008D08D5 /* CurrencyTableViewCell.swift in Sources */ = {isa = PBXBuildFile; fileRef = 9430CD24259F27DF008D08D5 /* CurrencyTableViewCell.swift */; };
		9430CD2A259F2CA1008D08D5 /* GetCounrtiesService.swift in Sources */ = {isa = PBXBuildFile; fileRef = 9430CD29259F2CA1008D08D5 /* GetCounrtiesService.swift */; };
		9430CD2C259F2CB0008D08D5 /* GetCurrenciesService.swift in Sources */ = {isa = PBXBuildFile; fileRef = 9430CD2B259F2CB0008D08D5 /* GetCurrenciesService.swift */; };
		9430CD2E259F2CBA008D08D5 /* CurrencyConverter.swift in Sources */ = {isa = PBXBuildFile; fileRef = 9430CD2D259F2CBA008D08D5 /* CurrencyConverter.swift */; };
		9430CD31259F2D26008D08D5 /* GetCountriesResponse.swift in Sources */ = {isa = PBXBuildFile; fileRef = 9430CD30259F2D26008D08D5 /* GetCountriesResponse.swift */; };
		9430CD33259F2D98008D08D5 /* GetCurrenciesResponse.swift in Sources */ = {isa = PBXBuildFile; fileRef = 9430CD32259F2D98008D08D5 /* GetCurrenciesResponse.swift */; };
		9430CD37259F2E87008D08D5 /* GetCurrentLocale.swift in Sources */ = {isa = PBXBuildFile; fileRef = 9430CD36259F2E87008D08D5 /* GetCurrentLocale.swift */; };
		9430CD39259F374A008D08D5 /* CurrencySelectionViewModel.swift in Sources */ = {isa = PBXBuildFile; fileRef = 9430CD38259F374A008D08D5 /* CurrencySelectionViewModel.swift */; };
		9430CD3B259F3766008D08D5 /* CurrencyCellViewModel.swift in Sources */ = {isa = PBXBuildFile; fileRef = 9430CD3A259F3766008D08D5 /* CurrencyCellViewModel.swift */; };
		D53C2A254B1E7AF651CEEE22 /* Pods_SWENSON_HE_TASK.framework in Frameworks */ = {isa = PBXBuildFile; fileRef = 9221E75258133E47FFA914B3 /* Pods_SWENSON_HE_TASK.framework */; };
/* End PBXBuildFile section */

/* Begin PBXContainerItemProxy section */
		9430CCFF259F18F2008D08D5 /* PBXContainerItemProxy */ = {
			isa = PBXContainerItemProxy;
			containerPortal = 9430CCDD259F18F0008D08D5 /* Project object */;
			proxyType = 1;
			remoteGlobalIDString = 9430CCE4259F18F0008D08D5;
			remoteInfo = "SWENSON-HE-TASK";
		};
/* End PBXContainerItemProxy section */

/* Begin PBXFileReference section */
		02F85C26B172EC5919742958 /* Pods-SWENSON-HE-TASKTests.debug.xcconfig */ = {isa = PBXFileReference; includeInIndex = 1; lastKnownFileType = text.xcconfig; name = "Pods-SWENSON-HE-TASKTests.debug.xcconfig"; path = "Target Support Files/Pods-SWENSON-HE-TASKTests/Pods-SWENSON-HE-TASKTests.debug.xcconfig"; sourceTree = "<group>"; };
		67867C826CD8B473965C763B /* Pods-SWENSON-HE-TASK.release.xcconfig */ = {isa = PBXFileReference; includeInIndex = 1; lastKnownFileType = text.xcconfig; name = "Pods-SWENSON-HE-TASK.release.xcconfig"; path = "Target Support Files/Pods-SWENSON-HE-TASK/Pods-SWENSON-HE-TASK.release.xcconfig"; sourceTree = "<group>"; };
		6F31C3C37AF156D03F1E243F /* Pods-SWENSON-HE-TASK.debug.xcconfig */ = {isa = PBXFileReference; includeInIndex = 1; lastKnownFileType = text.xcconfig; name = "Pods-SWENSON-HE-TASK.debug.xcconfig"; path = "Target Support Files/Pods-SWENSON-HE-TASK/Pods-SWENSON-HE-TASK.debug.xcconfig"; sourceTree = "<group>"; };
		7CC3A178CCB7856BBA169C75 /* Pods-SWENSON-HE-TASKTests.release.xcconfig */ = {isa = PBXFileReference; includeInIndex = 1; lastKnownFileType = text.xcconfig; name = "Pods-SWENSON-HE-TASKTests.release.xcconfig"; path = "Target Support Files/Pods-SWENSON-HE-TASKTests/Pods-SWENSON-HE-TASKTests.release.xcconfig"; sourceTree = "<group>"; };
		9221E75258133E47FFA914B3 /* Pods_SWENSON_HE_TASK.framework */ = {isa = PBXFileReference; explicitFileType = wrapper.framework; includeInIndex = 0; path = Pods_SWENSON_HE_TASK.framework; sourceTree = BUILT_PRODUCTS_DIR; };
		9430CCE5259F18F0008D08D5 /* SWENSON-HE-TASK.app */ = {isa = PBXFileReference; explicitFileType = wrapper.application; includeInIndex = 0; path = "SWENSON-HE-TASK.app"; sourceTree = BUILT_PRODUCTS_DIR; };
		9430CCE8259F18F0008D08D5 /* AppDelegate.swift */ = {isa = PBXFileReference; lastKnownFileType = sourcecode.swift; path = AppDelegate.swift; sourceTree = "<group>"; };
		9430CCEA259F18F0008D08D5 /* SceneDelegate.swift */ = {isa = PBXFileReference; lastKnownFileType = sourcecode.swift; path = SceneDelegate.swift; sourceTree = "<group>"; };
		9430CCF2259F18F0008D08D5 /* SWENSON_HE_TASK.xcdatamodel */ = {isa = PBXFileReference; lastKnownFileType = wrapper.xcdatamodel; path = SWENSON_HE_TASK.xcdatamodel; sourceTree = "<group>"; };
		9430CCF4259F18F2008D08D5 /* Assets.xcassets */ = {isa = PBXFileReference; lastKnownFileType = folder.assetcatalog; path = Assets.xcassets; sourceTree = "<group>"; };
		9430CCF7259F18F2008D08D5 /* Base */ = {isa = PBXFileReference; lastKnownFileType = file.storyboard; name = Base; path = Base.lproj/LaunchScreen.storyboard; sourceTree = "<group>"; };
		9430CCF9259F18F2008D08D5 /* Info.plist */ = {isa = PBXFileReference; lastKnownFileType = text.plist.xml; path = Info.plist; sourceTree = "<group>"; };
		9430CCFE259F18F2008D08D5 /* SWENSON-HE-TASKTests.xctest */ = {isa = PBXFileReference; explicitFileType = wrapper.cfbundle; includeInIndex = 0; path = "SWENSON-HE-TASKTests.xctest"; sourceTree = BUILT_PRODUCTS_DIR; };
		9430CD02259F18F2008D08D5 /* SWENSON_HE_TASKTests.swift */ = {isa = PBXFileReference; lastKnownFileType = sourcecode.swift; path = SWENSON_HE_TASKTests.swift; sourceTree = "<group>"; };
		9430CD04259F18F2008D08D5 /* Info.plist */ = {isa = PBXFileReference; lastKnownFileType = text.plist.xml; path = Info.plist; sourceTree = "<group>"; };
		9430CD16259F2479008D08D5 /* CurrencySelection.storyboard */ = {isa = PBXFileReference; lastKnownFileType = file.storyboard; path = CurrencySelection.storyboard; sourceTree = "<group>"; };
		9430CD1A259F2532008D08D5 /* CurrencySelectionViewController.swift */ = {isa = PBXFileReference; lastKnownFileType = sourcecode.swift; path = CurrencySelectionViewController.swift; sourceTree = "<group>"; };
		9430CD1D259F2552008D08D5 /* StoryboardName.swift */ = {isa = PBXFileReference; lastKnownFileType = sourcecode.swift; path = StoryboardName.swift; sourceTree = "<group>"; };
		9430CD1F259F2580008D08D5 /* ViewControllerIdentifier.swift */ = {isa = PBXFileReference; lastKnownFileType = sourcecode.swift; path = ViewControllerIdentifier.swift; sourceTree = "<group>"; };
		9430CD24259F27DF008D08D5 /* CurrencyTableViewCell.swift */ = {isa = PBXFileReference; lastKnownFileType = sourcecode.swift; path = CurrencyTableViewCell.swift; sourceTree = "<group>"; };
		9430CD29259F2CA1008D08D5 /* GetCounrtiesService.swift */ = {isa = PBXFileReference; lastKnownFileType = sourcecode.swift; path = GetCounrtiesService.swift; sourceTree = "<group>"; };
		9430CD2B259F2CB0008D08D5 /* GetCurrenciesService.swift */ = {isa = PBXFileReference; lastKnownFileType = sourcecode.swift; path = GetCurrenciesService.swift; sourceTree = "<group>"; };
		9430CD2D259F2CBA008D08D5 /* CurrencyConverter.swift */ = {isa = PBXFileReference; lastKnownFileType = sourcecode.swift; path = CurrencyConverter.swift; sourceTree = "<group>"; };
		9430CD30259F2D26008D08D5 /* GetCountriesResponse.swift */ = {isa = PBXFileReference; lastKnownFileType = sourcecode.swift; path = GetCountriesResponse.swift; sourceTree = "<group>"; };
		9430CD32259F2D98008D08D5 /* GetCurrenciesResponse.swift */ = {isa = PBXFileReference; lastKnownFileType = sourcecode.swift; path = GetCurrenciesResponse.swift; sourceTree = "<group>"; };
		9430CD36259F2E87008D08D5 /* GetCurrentLocale.swift */ = {isa = PBXFileReference; lastKnownFileType = sourcecode.swift; path = GetCurrentLocale.swift; sourceTree = "<group>"; };
		9430CD38259F374A008D08D5 /* CurrencySelectionViewModel.swift */ = {isa = PBXFileReference; lastKnownFileType = sourcecode.swift; path = CurrencySelectionViewModel.swift; sourceTree = "<group>"; };
		9430CD3A259F3766008D08D5 /* CurrencyCellViewModel.swift */ = {isa = PBXFileReference; lastKnownFileType = sourcecode.swift; path = CurrencyCellViewModel.swift; sourceTree = "<group>"; };
		BF82E5A43373F241C2FF291A /* Pods_SWENSON_HE_TASKTests.framework */ = {isa = PBXFileReference; explicitFileType = wrapper.framework; includeInIndex = 0; path = Pods_SWENSON_HE_TASKTests.framework; sourceTree = BUILT_PRODUCTS_DIR; };
/* End PBXFileReference section */

/* Begin PBXFrameworksBuildPhase section */
		9430CCE2259F18F0008D08D5 /* Frameworks */ = {
			isa = PBXFrameworksBuildPhase;
			buildActionMask = 2147483647;
			files = (
				D53C2A254B1E7AF651CEEE22 /* Pods_SWENSON_HE_TASK.framework in Frameworks */,
			);
			runOnlyForDeploymentPostprocessing = 0;
		};
		9430CCFB259F18F2008D08D5 /* Frameworks */ = {
			isa = PBXFrameworksBuildPhase;
			buildActionMask = 2147483647;
			files = (
				064552661B8F1E05205FB532 /* Pods_SWENSON_HE_TASKTests.framework in Frameworks */,
			);
			runOnlyForDeploymentPostprocessing = 0;
		};
/* End PBXFrameworksBuildPhase section */

/* Begin PBXGroup section */
		9430CCDC259F18F0008D08D5 = {
			isa = PBXGroup;
			children = (
				9430CCE7259F18F0008D08D5 /* SWENSON-HE-TASK */,
				9430CD01259F18F2008D08D5 /* SWENSON-HE-TASKTests */,
				9430CCE6259F18F0008D08D5 /* Products */,
				F615377B17F323680D0DC32C /* Pods */,
				965066449C543C386F163594 /* Frameworks */,
			);
			sourceTree = "<group>";
		};
		9430CCE6259F18F0008D08D5 /* Products */ = {
			isa = PBXGroup;
			children = (
				9430CCE5259F18F0008D08D5 /* SWENSON-HE-TASK.app */,
				9430CCFE259F18F2008D08D5 /* SWENSON-HE-TASKTests.xctest */,
			);
			name = Products;
			sourceTree = "<group>";
		};
		9430CCE7259F18F0008D08D5 /* SWENSON-HE-TASK */ = {
			isa = PBXGroup;
			children = (
				9430CD10259F2416008D08D5 /* Modules */,
				9430CD0F259F23E6008D08D5 /* Common */,
				9430CD0E259F2394008D08D5 /* Aseets */,
			);
			path = "SWENSON-HE-TASK";
			sourceTree = "<group>";
		};
		9430CD01259F18F2008D08D5 /* SWENSON-HE-TASKTests */ = {
			isa = PBXGroup;
			children = (
				9430CD02259F18F2008D08D5 /* SWENSON_HE_TASKTests.swift */,
				9430CD04259F18F2008D08D5 /* Info.plist */,
			);
			path = "SWENSON-HE-TASKTests";
			sourceTree = "<group>";
		};
		9430CD0E259F2394008D08D5 /* Aseets */ = {
			isa = PBXGroup;
			children = (
				9430CCF6259F18F2008D08D5 /* LaunchScreen.storyboard */,
				9430CCF4259F18F2008D08D5 /* Assets.xcassets */,
			);
			path = Aseets;
			sourceTree = "<group>";
		};
		9430CD0F259F23E6008D08D5 /* Common */ = {
			isa = PBXGroup;
			children = (
				9430CD1C259F2541008D08D5 /* Constants */,
				9430CCF9259F18F2008D08D5 /* Info.plist */,
				9430CCF1259F18F0008D08D5 /* SWENSON_HE_TASK.xcdatamodeld */,
				9430CCE8259F18F0008D08D5 /* AppDelegate.swift */,
				9430CCEA259F18F0008D08D5 /* SceneDelegate.swift */,
			);
			path = Common;
			sourceTree = "<group>";
		};
		9430CD10259F2416008D08D5 /* Modules */ = {
			isa = PBXGroup;
			children = (
				9430CD11259F2421008D08D5 /* CurrencySelect */,
			);
			path = Modules;
			sourceTree = "<group>";
		};
		9430CD11259F2421008D08D5 /* CurrencySelect */ = {
			isa = PBXGroup;
			children = (
				9430CD15259F243C008D08D5 /* Coordinator */,
				9430CD14259F2438008D08D5 /* ViewModel */,
				9430CD13259F2434008D08D5 /* View */,
				9430CD12259F2430008D08D5 /* Model */,
			);
			path = CurrencySelect;
			sourceTree = "<group>";
		};
		9430CD12259F2430008D08D5 /* Model */ = {
			isa = PBXGroup;
			children = (
				9430CD28259F2C8C008D08D5 /* Helper */,
				9430CD27259F2C85008D08D5 /* Bussiness */,
				9430CD26259F2C7F008D08D5 /* Data */,
			);
			path = Model;
			sourceTree = "<group>";
		};
		9430CD13259F2434008D08D5 /* View */ = {
			isa = PBXGroup;
			children = (
				9430CD23259F2767008D08D5 /* Cell */,
				9430CD22259F2762008D08D5 /* Controller */,
				9430CD21259F2758008D08D5 /* Storyboard */,
			);
			path = View;
			sourceTree = "<group>";
		};
		9430CD14259F2438008D08D5 /* ViewModel */ = {
			isa = PBXGroup;
			children = (
				9430CD38259F374A008D08D5 /* CurrencySelectionViewModel.swift */,
				9430CD3A259F3766008D08D5 /* CurrencyCellViewModel.swift */,
			);
			path = ViewModel;
			sourceTree = "<group>";
		};
		9430CD15259F243C008D08D5 /* Coordinator */ = {
			isa = PBXGroup;
			children = (
			);
			path = Coordinator;
			sourceTree = "<group>";
		};
		9430CD1C259F2541008D08D5 /* Constants */ = {
			isa = PBXGroup;
			children = (
				9430CD1D259F2552008D08D5 /* StoryboardName.swift */,
				9430CD1F259F2580008D08D5 /* ViewControllerIdentifier.swift */,
			);
			path = Constants;
			sourceTree = "<group>";
		};
		9430CD21259F2758008D08D5 /* Storyboard */ = {
			isa = PBXGroup;
			children = (
				9430CD16259F2479008D08D5 /* CurrencySelection.storyboard */,
			);
			path = Storyboard;
			sourceTree = "<group>";
		};
		9430CD22259F2762008D08D5 /* Controller */ = {
			isa = PBXGroup;
			children = (
				9430CD1A259F2532008D08D5 /* CurrencySelectionViewController.swift */,
			);
			path = Controller;
			sourceTree = "<group>";
		};
		9430CD23259F2767008D08D5 /* Cell */ = {
			isa = PBXGroup;
			children = (
				9430CD24259F27DF008D08D5 /* CurrencyTableViewCell.swift */,
			);
			path = Cell;
			sourceTree = "<group>";
		};
		9430CD26259F2C7F008D08D5 /* Data */ = {
			isa = PBXGroup;
			children = (
				9430CD2F259F2D11008D08D5 /* Response */,
			);
			path = Data;
			sourceTree = "<group>";
		};
		9430CD27259F2C85008D08D5 /* Bussiness */ = {
			isa = PBXGroup;
			children = (
				9430CD29259F2CA1008D08D5 /* GetCounrtiesService.swift */,
				9430CD2B259F2CB0008D08D5 /* GetCurrenciesService.swift */,
				9430CD2D259F2CBA008D08D5 /* CurrencyConverter.swift */,
			);
			path = Bussiness;
			sourceTree = "<group>";
		};
		9430CD28259F2C8C008D08D5 /* Helper */ = {
			isa = PBXGroup;
			children = (
				9430CD36259F2E87008D08D5 /* GetCurrentLocale.swift */,
			);
			path = Helper;
			sourceTree = "<group>";
		};
		9430CD2F259F2D11008D08D5 /* Response */ = {
			isa = PBXGroup;
			children = (
				9430CD30259F2D26008D08D5 /* GetCountriesResponse.swift */,
				9430CD32259F2D98008D08D5 /* GetCurrenciesResponse.swift */,
			);
			path = Response;
			sourceTree = "<group>";
		};
		965066449C543C386F163594 /* Frameworks */ = {
			isa = PBXGroup;
			children = (
				9221E75258133E47FFA914B3 /* Pods_SWENSON_HE_TASK.framework */,
				BF82E5A43373F241C2FF291A /* Pods_SWENSON_HE_TASKTests.framework */,
			);
			name = Frameworks;
			sourceTree = "<group>";
		};
		F615377B17F323680D0DC32C /* Pods */ = {
			isa = PBXGroup;
			children = (
				6F31C3C37AF156D03F1E243F /* Pods-SWENSON-HE-TASK.debug.xcconfig */,
				67867C826CD8B473965C763B /* Pods-SWENSON-HE-TASK.release.xcconfig */,
				02F85C26B172EC5919742958 /* Pods-SWENSON-HE-TASKTests.debug.xcconfig */,
				7CC3A178CCB7856BBA169C75 /* Pods-SWENSON-HE-TASKTests.release.xcconfig */,
			);
			path = Pods;
			sourceTree = "<group>";
		};
/* End PBXGroup section */

/* Begin PBXNativeTarget section */
		9430CCE4259F18F0008D08D5 /* SWENSON-HE-TASK */ = {
			isa = PBXNativeTarget;
			buildConfigurationList = 9430CD07259F18F2008D08D5 /* Build configuration list for PBXNativeTarget "SWENSON-HE-TASK" */;
			buildPhases = (
				C85363BC71EEABB6EC93C863 /* [CP] Check Pods Manifest.lock */,
				9430CCE1259F18F0008D08D5 /* Sources */,
				9430CCE2259F18F0008D08D5 /* Frameworks */,
				9430CCE3259F18F0008D08D5 /* Resources */,
				80578B0D36AB5264786EB0B8 /* [CP] Embed Pods Frameworks */,
			);
			buildRules = (
			);
			dependencies = (
			);
			name = "SWENSON-HE-TASK";
			productName = "SWENSON-HE-TASK";
			productReference = 9430CCE5259F18F0008D08D5 /* SWENSON-HE-TASK.app */;
			productType = "com.apple.product-type.application";
		};
		9430CCFD259F18F2008D08D5 /* SWENSON-HE-TASKTests */ = {
			isa = PBXNativeTarget;
			buildConfigurationList = 9430CD0A259F18F2008D08D5 /* Build configuration list for PBXNativeTarget "SWENSON-HE-TASKTests" */;
			buildPhases = (
				0F653E57C16FF30A3525BEC4 /* [CP] Check Pods Manifest.lock */,
				9430CCFA259F18F2008D08D5 /* Sources */,
				9430CCFB259F18F2008D08D5 /* Frameworks */,
				9430CCFC259F18F2008D08D5 /* Resources */,
				5EEC82C507CB80C85E68CF54 /* [CP] Embed Pods Frameworks */,
			);
			buildRules = (
			);
			dependencies = (
				9430CD00259F18F2008D08D5 /* PBXTargetDependency */,
			);
			name = "SWENSON-HE-TASKTests";
			productName = "SWENSON-HE-TASKTests";
			productReference = 9430CCFE259F18F2008D08D5 /* SWENSON-HE-TASKTests.xctest */;
			productType = "com.apple.product-type.bundle.unit-test";
		};
/* End PBXNativeTarget section */

/* Begin PBXProject section */
		9430CCDD259F18F0008D08D5 /* Project object */ = {
			isa = PBXProject;
			attributes = {
				LastSwiftUpdateCheck = 1170;
				LastUpgradeCheck = 1170;
				ORGANIZATIONNAME = "SWENSON-HE";
				TargetAttributes = {
					9430CCE4259F18F0008D08D5 = {
						CreatedOnToolsVersion = 11.7;
					};
					9430CCFD259F18F2008D08D5 = {
						CreatedOnToolsVersion = 11.7;
						TestTargetID = 9430CCE4259F18F0008D08D5;
					};
				};
			};
			buildConfigurationList = 9430CCE0259F18F0008D08D5 /* Build configuration list for PBXProject "SWENSON-HE-TASK" */;
			compatibilityVersion = "Xcode 9.3";
			developmentRegion = en;
			hasScannedForEncodings = 0;
			knownRegions = (
				en,
				Base,
			);
			mainGroup = 9430CCDC259F18F0008D08D5;
			productRefGroup = 9430CCE6259F18F0008D08D5 /* Products */;
			projectDirPath = "";
			projectRoot = "";
			targets = (
				9430CCE4259F18F0008D08D5 /* SWENSON-HE-TASK */,
				9430CCFD259F18F2008D08D5 /* SWENSON-HE-TASKTests */,
			);
		};
/* End PBXProject section */

/* Begin PBXResourcesBuildPhase section */
		9430CCE3259F18F0008D08D5 /* Resources */ = {
			isa = PBXResourcesBuildPhase;
			buildActionMask = 2147483647;
			files = (
				9430CD17259F2479008D08D5 /* CurrencySelection.storyboard in Resources */,
				9430CCF8259F18F2008D08D5 /* LaunchScreen.storyboard in Resources */,
				9430CCF5259F18F2008D08D5 /* Assets.xcassets in Resources */,
			);
			runOnlyForDeploymentPostprocessing = 0;
		};
		9430CCFC259F18F2008D08D5 /* Resources */ = {
			isa = PBXResourcesBuildPhase;
			buildActionMask = 2147483647;
			files = (
			);
			runOnlyForDeploymentPostprocessing = 0;
		};
/* End PBXResourcesBuildPhase section */

/* Begin PBXShellScriptBuildPhase section */
		0F653E57C16FF30A3525BEC4 /* [CP] Check Pods Manifest.lock */ = {
			isa = PBXShellScriptBuildPhase;
			buildActionMask = 2147483647;
			files = (
			);
			inputFileListPaths = (
			);
			inputPaths = (
				"${PODS_PODFILE_DIR_PATH}/Podfile.lock",
				"${PODS_ROOT}/Manifest.lock",
			);
			name = "[CP] Check Pods Manifest.lock";
			outputFileListPaths = (
			);
			outputPaths = (
				"$(DERIVED_FILE_DIR)/Pods-SWENSON-HE-TASKTests-checkManifestLockResult.txt",
			);
			runOnlyForDeploymentPostprocessing = 0;
			shellPath = /bin/sh;
			shellScript = "diff \"${PODS_PODFILE_DIR_PATH}/Podfile.lock\" \"${PODS_ROOT}/Manifest.lock\" > /dev/null\nif [ $? != 0 ] ; then\n    # print error to STDERR\n    echo \"error: The sandbox is not in sync with the Podfile.lock. Run 'pod install' or update your CocoaPods installation.\" >&2\n    exit 1\nfi\n# This output is used by Xcode 'outputs' to avoid re-running this script phase.\necho \"SUCCESS\" > \"${SCRIPT_OUTPUT_FILE_0}\"\n";
			showEnvVarsInLog = 0;
		};
		5EEC82C507CB80C85E68CF54 /* [CP] Embed Pods Frameworks */ = {
			isa = PBXShellScriptBuildPhase;
			buildActionMask = 2147483647;
			files = (
			);
			inputFileListPaths = (
				"${PODS_ROOT}/Target Support Files/Pods-SWENSON-HE-TASKTests/Pods-SWENSON-HE-TASKTests-frameworks-${CONFIGURATION}-input-files.xcfilelist",
			);
			name = "[CP] Embed Pods Frameworks";
			outputFileListPaths = (
				"${PODS_ROOT}/Target Support Files/Pods-SWENSON-HE-TASKTests/Pods-SWENSON-HE-TASKTests-frameworks-${CONFIGURATION}-output-files.xcfilelist",
			);
			runOnlyForDeploymentPostprocessing = 0;
			shellPath = /bin/sh;
			shellScript = "\"${PODS_ROOT}/Target Support Files/Pods-SWENSON-HE-TASKTests/Pods-SWENSON-HE-TASKTests-frameworks.sh\"\n";
			showEnvVarsInLog = 0;
		};
		80578B0D36AB5264786EB0B8 /* [CP] Embed Pods Frameworks */ = {
			isa = PBXShellScriptBuildPhase;
			buildActionMask = 2147483647;
			files = (
			);
			inputFileListPaths = (
				"${PODS_ROOT}/Target Support Files/Pods-SWENSON-HE-TASK/Pods-SWENSON-HE-TASK-frameworks-${CONFIGURATION}-input-files.xcfilelist",
			);
			name = "[CP] Embed Pods Frameworks";
			outputFileListPaths = (
				"${PODS_ROOT}/Target Support Files/Pods-SWENSON-HE-TASK/Pods-SWENSON-HE-TASK-frameworks-${CONFIGURATION}-output-files.xcfilelist",
			);
			runOnlyForDeploymentPostprocessing = 0;
			shellPath = /bin/sh;
			shellScript = "\"${PODS_ROOT}/Target Support Files/Pods-SWENSON-HE-TASK/Pods-SWENSON-HE-TASK-frameworks.sh\"\n";
			showEnvVarsInLog = 0;
		};
		C85363BC71EEABB6EC93C863 /* [CP] Check Pods Manifest.lock */ = {
			isa = PBXShellScriptBuildPhase;
			buildActionMask = 2147483647;
			files = (
			);
			inputFileListPaths = (
			);
			inputPaths = (
				"${PODS_PODFILE_DIR_PATH}/Podfile.lock",
				"${PODS_ROOT}/Manifest.lock",
			);
			name = "[CP] Check Pods Manifest.lock";
			outputFileListPaths = (
			);
			outputPaths = (
				"$(DERIVED_FILE_DIR)/Pods-SWENSON-HE-TASK-checkManifestLockResult.txt",
			);
			runOnlyForDeploymentPostprocessing = 0;
			shellPath = /bin/sh;
			shellScript = "diff \"${PODS_PODFILE_DIR_PATH}/Podfile.lock\" \"${PODS_ROOT}/Manifest.lock\" > /dev/null\nif [ $? != 0 ] ; then\n    # print error to STDERR\n    echo \"error: The sandbox is not in sync with the Podfile.lock. Run 'pod install' or update your CocoaPods installation.\" >&2\n    exit 1\nfi\n# This output is used by Xcode 'outputs' to avoid re-running this script phase.\necho \"SUCCESS\" > \"${SCRIPT_OUTPUT_FILE_0}\"\n";
			showEnvVarsInLog = 0;
		};
/* End PBXShellScriptBuildPhase section */

/* Begin PBXSourcesBuildPhase section */
		9430CCE1259F18F0008D08D5 /* Sources */ = {
			isa = PBXSourcesBuildPhase;
			buildActionMask = 2147483647;
			files = (
				9430CD25259F27DF008D08D5 /* CurrencyTableViewCell.swift in Sources */,
				9430CD2E259F2CBA008D08D5 /* CurrencyConverter.swift in Sources */,
				9430CD2A259F2CA1008D08D5 /* GetCounrtiesService.swift in Sources */,
				9430CD31259F2D26008D08D5 /* GetCountriesResponse.swift in Sources */,
				9430CD33259F2D98008D08D5 /* GetCurrenciesResponse.swift in Sources */,
				9430CD1B259F2532008D08D5 /* CurrencySelectionViewController.swift in Sources */,
				9430CD39259F374A008D08D5 /* CurrencySelectionViewModel.swift in Sources */,
				9430CD3B259F3766008D08D5 /* CurrencyCellViewModel.swift in Sources */,
				9430CD1E259F2552008D08D5 /* StoryboardName.swift in Sources */,
				9430CCE9259F18F0008D08D5 /* AppDelegate.swift in Sources */,
				9430CCEB259F18F0008D08D5 /* SceneDelegate.swift in Sources */,
				9430CD2C259F2CB0008D08D5 /* GetCurrenciesService.swift in Sources */,
				9430CD37259F2E87008D08D5 /* GetCurrentLocale.swift in Sources */,
				9430CCF3259F18F0008D08D5 /* SWENSON_HE_TASK.xcdatamodeld in Sources */,
				9430CD20259F2580008D08D5 /* ViewControllerIdentifier.swift in Sources */,
			);
			runOnlyForDeploymentPostprocessing = 0;
		};
		9430CCFA259F18F2008D08D5 /* Sources */ = {
			isa = PBXSourcesBuildPhase;
			buildActionMask = 2147483647;
			files = (
				9430CD03259F18F2008D08D5 /* SWENSON_HE_TASKTests.swift in Sources */,
			);
			runOnlyForDeploymentPostprocessing = 0;
		};
/* End PBXSourcesBuildPhase section */

/* Begin PBXTargetDependency section */
		9430CD00259F18F2008D08D5 /* PBXTargetDependency */ = {
			isa = PBXTargetDependency;
			target = 9430CCE4259F18F0008D08D5 /* SWENSON-HE-TASK */;
			targetProxy = 9430CCFF259F18F2008D08D5 /* PBXContainerItemProxy */;
		};
/* End PBXTargetDependency section */

/* Begin PBXVariantGroup section */
		9430CCF6259F18F2008D08D5 /* LaunchScreen.storyboard */ = {
			isa = PBXVariantGroup;
			children = (
				9430CCF7259F18F2008D08D5 /* Base */,
			);
			name = LaunchScreen.storyboard;
			sourceTree = "<group>";
		};
/* End PBXVariantGroup section */

/* Begin XCBuildConfiguration section */
		9430CD05259F18F2008D08D5 /* Debug */ = {
			isa = XCBuildConfiguration;
			buildSettings = {
				ALWAYS_SEARCH_USER_PATHS = NO;
				CLANG_ANALYZER_NONNULL = YES;
				CLANG_ANALYZER_NUMBER_OBJECT_CONVERSION = YES_AGGRESSIVE;
				CLANG_CXX_LANGUAGE_STANDARD = "gnu++14";
				CLANG_CXX_LIBRARY = "libc++";
				CLANG_ENABLE_MODULES = YES;
				CLANG_ENABLE_OBJC_ARC = YES;
				CLANG_ENABLE_OBJC_WEAK = YES;
				CLANG_WARN_BLOCK_CAPTURE_AUTORELEASING = YES;
				CLANG_WARN_BOOL_CONVERSION = YES;
				CLANG_WARN_COMMA = YES;
				CLANG_WARN_CONSTANT_CONVERSION = YES;
				CLANG_WARN_DEPRECATED_OBJC_IMPLEMENTATIONS = YES;
				CLANG_WARN_DIRECT_OBJC_ISA_USAGE = YES_ERROR;
				CLANG_WARN_DOCUMENTATION_COMMENTS = YES;
				CLANG_WARN_EMPTY_BODY = YES;
				CLANG_WARN_ENUM_CONVERSION = YES;
				CLANG_WARN_INFINITE_RECURSION = YES;
				CLANG_WARN_INT_CONVERSION = YES;
				CLANG_WARN_NON_LITERAL_NULL_CONVERSION = YES;
				CLANG_WARN_OBJC_IMPLICIT_RETAIN_SELF = YES;
				CLANG_WARN_OBJC_LITERAL_CONVERSION = YES;
				CLANG_WARN_OBJC_ROOT_CLASS = YES_ERROR;
				CLANG_WARN_RANGE_LOOP_ANALYSIS = YES;
				CLANG_WARN_STRICT_PROTOTYPES = YES;
				CLANG_WARN_SUSPICIOUS_MOVE = YES;
				CLANG_WARN_UNGUARDED_AVAILABILITY = YES_AGGRESSIVE;
				CLANG_WARN_UNREACHABLE_CODE = YES;
				CLANG_WARN__DUPLICATE_METHOD_MATCH = YES;
				COPY_PHASE_STRIP = NO;
				DEBUG_INFORMATION_FORMAT = dwarf;
				ENABLE_STRICT_OBJC_MSGSEND = YES;
				ENABLE_TESTABILITY = YES;
				GCC_C_LANGUAGE_STANDARD = gnu11;
				GCC_DYNAMIC_NO_PIC = NO;
				GCC_NO_COMMON_BLOCKS = YES;
				GCC_OPTIMIZATION_LEVEL = 0;
				GCC_PREPROCESSOR_DEFINITIONS = (
					"DEBUG=1",
					"$(inherited)",
				);
				GCC_WARN_64_TO_32_BIT_CONVERSION = YES;
				GCC_WARN_ABOUT_RETURN_TYPE = YES_ERROR;
				GCC_WARN_UNDECLARED_SELECTOR = YES;
				GCC_WARN_UNINITIALIZED_AUTOS = YES_AGGRESSIVE;
				GCC_WARN_UNUSED_FUNCTION = YES;
				GCC_WARN_UNUSED_VARIABLE = YES;
				IPHONEOS_DEPLOYMENT_TARGET = 13.7;
				MTL_ENABLE_DEBUG_INFO = INCLUDE_SOURCE;
				MTL_FAST_MATH = YES;
				ONLY_ACTIVE_ARCH = YES;
				SDKROOT = iphoneos;
				SWIFT_ACTIVE_COMPILATION_CONDITIONS = DEBUG;
				SWIFT_OPTIMIZATION_LEVEL = "-Onone";
			};
			name = Debug;
		};
		9430CD06259F18F2008D08D5 /* Release */ = {
			isa = XCBuildConfiguration;
			buildSettings = {
				ALWAYS_SEARCH_USER_PATHS = NO;
				CLANG_ANALYZER_NONNULL = YES;
				CLANG_ANALYZER_NUMBER_OBJECT_CONVERSION = YES_AGGRESSIVE;
				CLANG_CXX_LANGUAGE_STANDARD = "gnu++14";
				CLANG_CXX_LIBRARY = "libc++";
				CLANG_ENABLE_MODULES = YES;
				CLANG_ENABLE_OBJC_ARC = YES;
				CLANG_ENABLE_OBJC_WEAK = YES;
				CLANG_WARN_BLOCK_CAPTURE_AUTORELEASING = YES;
				CLANG_WARN_BOOL_CONVERSION = YES;
				CLANG_WARN_COMMA = YES;
				CLANG_WARN_CONSTANT_CONVERSION = YES;
				CLANG_WARN_DEPRECATED_OBJC_IMPLEMENTATIONS = YES;
				CLANG_WARN_DIRECT_OBJC_ISA_USAGE = YES_ERROR;
				CLANG_WARN_DOCUMENTATION_COMMENTS = YES;
				CLANG_WARN_EMPTY_BODY = YES;
				CLANG_WARN_ENUM_CONVERSION = YES;
				CLANG_WARN_INFINITE_RECURSION = YES;
				CLANG_WARN_INT_CONVERSION = YES;
				CLANG_WARN_NON_LITERAL_NULL_CONVERSION = YES;
				CLANG_WARN_OBJC_IMPLICIT_RETAIN_SELF = YES;
				CLANG_WARN_OBJC_LITERAL_CONVERSION = YES;
				CLANG_WARN_OBJC_ROOT_CLASS = YES_ERROR;
				CLANG_WARN_RANGE_LOOP_ANALYSIS = YES;
				CLANG_WARN_STRICT_PROTOTYPES = YES;
				CLANG_WARN_SUSPICIOUS_MOVE = YES;
				CLANG_WARN_UNGUARDED_AVAILABILITY = YES_AGGRESSIVE;
				CLANG_WARN_UNREACHABLE_CODE = YES;
				CLANG_WARN__DUPLICATE_METHOD_MATCH = YES;
				COPY_PHASE_STRIP = NO;
				DEBUG_INFORMATION_FORMAT = "dwarf-with-dsym";
				ENABLE_NS_ASSERTIONS = NO;
				ENABLE_STRICT_OBJC_MSGSEND = YES;
				GCC_C_LANGUAGE_STANDARD = gnu11;
				GCC_NO_COMMON_BLOCKS = YES;
				GCC_WARN_64_TO_32_BIT_CONVERSION = YES;
				GCC_WARN_ABOUT_RETURN_TYPE = YES_ERROR;
				GCC_WARN_UNDECLARED_SELECTOR = YES;
				GCC_WARN_UNINITIALIZED_AUTOS = YES_AGGRESSIVE;
				GCC_WARN_UNUSED_FUNCTION = YES;
				GCC_WARN_UNUSED_VARIABLE = YES;
				IPHONEOS_DEPLOYMENT_TARGET = 13.7;
				MTL_ENABLE_DEBUG_INFO = NO;
				MTL_FAST_MATH = YES;
				SDKROOT = iphoneos;
				SWIFT_COMPILATION_MODE = wholemodule;
				SWIFT_OPTIMIZATION_LEVEL = "-O";
				VALIDATE_PRODUCT = YES;
			};
			name = Release;
		};
		9430CD08259F18F2008D08D5 /* Debug */ = {
			isa = XCBuildConfiguration;
			baseConfigurationReference = 6F31C3C37AF156D03F1E243F /* Pods-SWENSON-HE-TASK.debug.xcconfig */;
			buildSettings = {
				ASSETCATALOG_COMPILER_APPICON_NAME = AppIcon;
				CODE_SIGN_STYLE = Automatic;
				DEVELOPMENT_TEAM = TGMD963KYP;
				INFOPLIST_FILE = "$(SRCROOT)/SWENSON-HE-TASK/Common/Info.plist";
				LD_RUNPATH_SEARCH_PATHS = (
					"$(inherited)",
					"@executable_path/Frameworks",
				);
				PRODUCT_BUNDLE_IDENTIFIER = "SWENSON-HE.SWENSON-HE-TASK";
				PRODUCT_NAME = "$(TARGET_NAME)";
				SWIFT_VERSION = 5.0;
				TARGETED_DEVICE_FAMILY = "1,2";
			};
			name = Debug;
		};
		9430CD09259F18F2008D08D5 /* Release */ = {
			isa = XCBuildConfiguration;
			baseConfigurationReference = 67867C826CD8B473965C763B /* Pods-SWENSON-HE-TASK.release.xcconfig */;
			buildSettings = {
				ASSETCATALOG_COMPILER_APPICON_NAME = AppIcon;
				CODE_SIGN_STYLE = Automatic;
				DEVELOPMENT_TEAM = TGMD963KYP;
				INFOPLIST_FILE = "$(SRCROOT)/SWENSON-HE-TASK/Common/Info.plist";
				LD_RUNPATH_SEARCH_PATHS = (
					"$(inherited)",
					"@executable_path/Frameworks",
				);
				PRODUCT_BUNDLE_IDENTIFIER = "SWENSON-HE.SWENSON-HE-TASK";
				PRODUCT_NAME = "$(TARGET_NAME)";
				SWIFT_VERSION = 5.0;
				TARGETED_DEVICE_FAMILY = "1,2";
			};
			name = Release;
		};
		9430CD0B259F18F2008D08D5 /* Debug */ = {
			isa = XCBuildConfiguration;
			baseConfigurationReference = 02F85C26B172EC5919742958 /* Pods-SWENSON-HE-TASKTests.debug.xcconfig */;
			buildSettings = {
				ALWAYS_EMBED_SWIFT_STANDARD_LIBRARIES = YES;
				BUNDLE_LOADER = "$(TEST_HOST)";
				CODE_SIGN_STYLE = Automatic;
				DEVELOPMENT_TEAM = TGMD963KYP;
				INFOPLIST_FILE = "SWENSON-HE-TASKTests/Info.plist";
				IPHONEOS_DEPLOYMENT_TARGET = 13.7;
				LD_RUNPATH_SEARCH_PATHS = (
					"$(inherited)",
					"@executable_path/Frameworks",
					"@loader_path/Frameworks",
				);
				PRODUCT_BUNDLE_IDENTIFIER = "SWENSON-HE.SWENSON-HE-TASKTests";
				PRODUCT_NAME = "$(TARGET_NAME)";
				SWIFT_VERSION = 5.0;
				TARGETED_DEVICE_FAMILY = "1,2";
				TEST_HOST = "$(BUILT_PRODUCTS_DIR)/SWENSON-HE-TASK.app/SWENSON-HE-TASK";
			};
			name = Debug;
		};
		9430CD0C259F18F2008D08D5 /* Release */ = {
			isa = XCBuildConfiguration;
			baseConfigurationReference = 7CC3A178CCB7856BBA169C75 /* Pods-SWENSON-HE-TASKTests.release.xcconfig */;
			buildSettings = {
				ALWAYS_EMBED_SWIFT_STANDARD_LIBRARIES = YES;
				BUNDLE_LOADER = "$(TEST_HOST)";
				CODE_SIGN_STYLE = Automatic;
				DEVELOPMENT_TEAM = TGMD963KYP;
				INFOPLIST_FILE = "SWENSON-HE-TASKTests/Info.plist";
				IPHONEOS_DEPLOYMENT_TARGET = 13.7;
				LD_RUNPATH_SEARCH_PATHS = (
					"$(inherited)",
					"@executable_path/Frameworks",
					"@loader_path/Frameworks",
				);
				PRODUCT_BUNDLE_IDENTIFIER = "SWENSON-HE.SWENSON-HE-TASKTests";
				PRODUCT_NAME = "$(TARGET_NAME)";
				SWIFT_VERSION = 5.0;
				TARGETED_DEVICE_FAMILY = "1,2";
				TEST_HOST = "$(BUILT_PRODUCTS_DIR)/SWENSON-HE-TASK.app/SWENSON-HE-TASK";
			};
			name = Release;
		};
/* End XCBuildConfiguration section */

/* Begin XCConfigurationList section */
		9430CCE0259F18F0008D08D5 /* Build configuration list for PBXProject "SWENSON-HE-TASK" */ = {
			isa = XCConfigurationList;
			buildConfigurations = (
				9430CD05259F18F2008D08D5 /* Debug */,
				9430CD06259F18F2008D08D5 /* Release */,
			);
			defaultConfigurationIsVisible = 0;
			defaultConfigurationName = Release;
		};
		9430CD07259F18F2008D08D5 /* Build configuration list for PBXNativeTarget "SWENSON-HE-TASK" */ = {
			isa = XCConfigurationList;
			buildConfigurations = (
				9430CD08259F18F2008D08D5 /* Debug */,
				9430CD09259F18F2008D08D5 /* Release */,
			);
			defaultConfigurationIsVisible = 0;
			defaultConfigurationName = Release;
		};
		9430CD0A259F18F2008D08D5 /* Build configuration list for PBXNativeTarget "SWENSON-HE-TASKTests" */ = {
			isa = XCConfigurationList;
			buildConfigurations = (
				9430CD0B259F18F2008D08D5 /* Debug */,
				9430CD0C259F18F2008D08D5 /* Release */,
			);
			defaultConfigurationIsVisible = 0;
			defaultConfigurationName = Release;
		};
/* End XCConfigurationList section */

/* Begin XCVersionGroup section */
		9430CCF1259F18F0008D08D5 /* SWENSON_HE_TASK.xcdatamodeld */ = {
			isa = XCVersionGroup;
			children = (
				9430CCF2259F18F0008D08D5 /* SWENSON_HE_TASK.xcdatamodel */,
			);
			currentVersion = 9430CCF2259F18F0008D08D5 /* SWENSON_HE_TASK.xcdatamodel */;
			path = SWENSON_HE_TASK.xcdatamodeld;
			sourceTree = "<group>";
			versionGroupType = wrapper.xcdatamodel;
		};
/* End XCVersionGroup section */
	};
	rootObject = 9430CCDD259F18F0008D08D5 /* Project object */;
}
